
Microsoft Visual Studio Solution File, Format Version 12.00
# Visual Studio Version 16
VisualStudioVersion = 16.0.28809.33
MinimumVisualStudioVersion = 10.0.40219.1
Project("{2150E333-8FDC-42A3-9474-1A3956D46DE8}") = "Solution Items", "Solution Items", "{72CE888F-13E5-4CD6-820A-B9FABA1A8717}"
	ProjectSection(SolutionItems) = preProject
		build.cake = build.cake
	EndProjectSection
EndProject
Project("{9A19103F-16F7-4668-BE54-9A1E7A4F7556}") = "Origine.Core.Abstraction", "src\Origine.Core.Abstraction\Origine.Core.Abstraction.csproj", "{E6DCEF3A-DBD9-4DF2-AD03-F62095791C72}"
EndProject
Project("{9A19103F-16F7-4668-BE54-9A1E7A4F7556}") = "Origine.EntityFramework", "src\Origine.EntityFramework\Origine.EntityFramework.csproj", "{657F0303-E86A-4A41-B26F-F64DFCFB7D4C}"
EndProject
Project("{2150E333-8FDC-42A3-9474-1A3956D46DE8}") = "Hosts", "Hosts", "{B8EB6DCA-E0DF-49C2-B5BF-EA34DFB1CF07}"
EndProject
Project("{2150E333-8FDC-42A3-9474-1A3956D46DE8}") = "Tests", "Tests", "{BE3631A6-0488-4965-813B-22D7953D7BC7}"
EndProject
Project("{9A19103F-16F7-4668-BE54-9A1E7A4F7556}") = "Origine.HealthCheck", "src\Origine.HealthCheck\Origine.HealthCheck.csproj", "{8D0DFAAD-0DE3-4742-81CE-8894305CDA4B}"
EndProject
Project("{9A19103F-16F7-4668-BE54-9A1E7A4F7556}") = "Origine.Core", "src\Origine.Core\Origine.Core.csproj", "{97D11AC5-D64C-40C0-950E-24802580A2D9}"
EndProject
Project("{9A19103F-16F7-4668-BE54-9A1E7A4F7556}") = "Origine.Accessor", "src\Origine.Accessor\Origine.Accessor.csproj", "{2CFC27E0-3BF5-4B39-87E0-1440621F4ACC}"
EndProject
Project("{9A19103F-16F7-4668-BE54-9A1E7A4F7556}") = "Origine.Logging", "src\Origine.Logging\Origine.Logging.csproj", "{9849E4EB-626F-4188-989A-55EA022F2DFC}"
EndProject
Project("{9A19103F-16F7-4668-BE54-9A1E7A4F7556}") = "Origine.Configuration", "src\Origine.Configuration\Origine.Configuration.csproj", "{2B07F56E-043F-401B-8AFB-6F47D57666E3}"
EndProject
Project("{9A19103F-16F7-4668-BE54-9A1E7A4F7556}") = "Origine.Dashboard", "src\Hosts\Origine.Dashboard\Origine.Dashboard.csproj", "{D915563A-4510-47E8-A766-F7AB75EB6A5B}"
EndProject
Project("{9A19103F-16F7-4668-BE54-9A1E7A4F7556}") = "Origine.Host", "src\Hosts\Origine.Host\Origine.Host.csproj", "{737A2445-6DC1-495D-B48D-FDFCDAC97774}"
EndProject
Project("{9A19103F-16F7-4668-BE54-9A1E7A4F7556}") = "Origine.WebApi", "src\Hosts\Origine.WebApi\Origine.WebApi.csproj", "{E9762D7A-CD8E-4F42-9B07-243613264DEF}"
EndProject
Global
	GlobalSection(SolutionConfigurationPlatforms) = preSolution
		Debug|Any CPU = Debug|Any CPU
		Release|Any CPU = Release|Any CPU
	EndGlobalSection
	GlobalSection(ProjectConfigurationPlatforms) = postSolution
		{E6DCEF3A-DBD9-4DF2-AD03-F62095791C72}.Debug|Any CPU.ActiveCfg = Debug|Any CPU
		{E6DCEF3A-DBD9-4DF2-AD03-F62095791C72}.Debug|Any CPU.Build.0 = Debug|Any CPU
		{E6DCEF3A-DBD9-4DF2-AD03-F62095791C72}.Release|Any CPU.ActiveCfg = Release|Any CPU
		{E6DCEF3A-DBD9-4DF2-AD03-F62095791C72}.Release|Any CPU.Build.0 = Release|Any CPU
		{657F0303-E86A-4A41-B26F-F64DFCFB7D4C}.Debug|Any CPU.ActiveCfg = Debug|Any CPU
		{657F0303-E86A-4A41-B26F-F64DFCFB7D4C}.Debug|Any CPU.Build.0 = Debug|Any CPU
		{657F0303-E86A-4A41-B26F-F64DFCFB7D4C}.Release|Any CPU.ActiveCfg = Release|Any CPU
		{657F0303-E86A-4A41-B26F-F64DFCFB7D4C}.Release|Any CPU.Build.0 = Release|Any CPU
		{8D0DFAAD-0DE3-4742-81CE-8894305CDA4B}.Debug|Any CPU.ActiveCfg = Debug|Any CPU
		{8D0DFAAD-0DE3-4742-81CE-8894305CDA4B}.Debug|Any CPU.Build.0 = Debug|Any CPU
		{8D0DFAAD-0DE3-4742-81CE-8894305CDA4B}.Release|Any CPU.ActiveCfg = Release|Any CPU
		{8D0DFAAD-0DE3-4742-81CE-8894305CDA4B}.Release|Any CPU.Build.0 = Release|Any CPU
		{97D11AC5-D64C-40C0-950E-24802580A2D9}.Debug|Any CPU.ActiveCfg = Debug|Any CPU
		{97D11AC5-D64C-40C0-950E-24802580A2D9}.Debug|Any CPU.Build.0 = Debug|Any CPU
		{97D11AC5-D64C-40C0-950E-24802580A2D9}.Release|Any CPU.ActiveCfg = Release|Any CPU
		{97D11AC5-D64C-40C0-950E-24802580A2D9}.Release|Any CPU.Build.0 = Release|Any CPU
		{2CFC27E0-3BF5-4B39-87E0-1440621F4ACC}.Debug|Any CPU.ActiveCfg = Debug|Any CPU
		{2CFC27E0-3BF5-4B39-87E0-1440621F4ACC}.Debug|Any CPU.Build.0 = Debug|Any CPU
		{2CFC27E0-3BF5-4B39-87E0-1440621F4ACC}.Release|Any CPU.ActiveCfg = Release|Any CPU
		{2CFC27E0-3BF5-4B39-87E0-1440621F4ACC}.Release|Any CPU.Build.0 = Release|Any CPU
		{9849E4EB-626F-4188-989A-55EA022F2DFC}.Debug|Any CPU.ActiveCfg = Debug|Any CPU
		{9849E4EB-626F-4188-989A-55EA022F2DFC}.Debug|Any CPU.Build.0 = Debug|Any CPU
		{9849E4EB-626F-4188-989A-55EA022F2DFC}.Release|Any CPU.ActiveCfg = Release|Any CPU
		{9849E4EB-626F-4188-989A-55EA022F2DFC}.Release|Any CPU.Build.0 = Release|Any CPU
		{2B07F56E-043F-401B-8AFB-6F47D57666E3}.Debug|Any CPU.ActiveCfg = Debug|Any CPU
		{2B07F56E-043F-401B-8AFB-6F47D57666E3}.Debug|Any CPU.Build.0 = Debug|Any CPU
		{2B07F56E-043F-401B-8AFB-6F47D57666E3}.Release|Any CPU.ActiveCfg = Release|Any CPU
		{2B07F56E-043F-401B-8AFB-6F47D57666E3}.Release|Any CPU.Build.0 = Release|Any CPU
		{D915563A-4510-47E8-A766-F7AB75EB6A5B}.Debug|Any CPU.ActiveCfg = Debug|Any CPU
		{D915563A-4510-47E8-A766-F7AB75EB6A5B}.Debug|Any CPU.Build.0 = Debug|Any CPU
		{D915563A-4510-47E8-A766-F7AB75EB6A5B}.Release|Any CPU.ActiveCfg = Release|Any CPU
		{D915563A-4510-47E8-A766-F7AB75EB6A5B}.Release|Any CPU.Build.0 = Release|Any CPU
		{737A2445-6DC1-495D-B48D-FDFCDAC97774}.Debug|Any CPU.ActiveCfg = Debug|Any CPU
		{737A2445-6DC1-495D-B48D-FDFCDAC97774}.Debug|Any CPU.Build.0 = Debug|Any CPU
		{737A2445-6DC1-495D-B48D-FDFCDAC97774}.Release|Any CPU.ActiveCfg = Release|Any CPU
		{737A2445-6DC1-495D-B48D-FDFCDAC97774}.Release|Any CPU.Build.0 = Release|Any CPU
		{E9762D7A-CD8E-4F42-9B07-243613264DEF}.Debug|Any CPU.ActiveCfg = Debug|Any CPU
		{E9762D7A-CD8E-4F42-9B07-243613264DEF}.Debug|Any CPU.Build.0 = Debug|Any CPU
		{E9762D7A-CD8E-4F42-9B07-243613264DEF}.Release|Any CPU.ActiveCfg = Release|Any CPU
		{E9762D7A-CD8E-4F42-9B07-243613264DEF}.Release|Any CPU.Build.0 = Release|Any CPU
	EndGlobalSection
	GlobalSection(SolutionProperties) = preSolution
		HideSolutionNode = FALSE
	EndGlobalSection
	GlobalSection(NestedProjects) = preSolution
		{D915563A-4510-47E8-A766-F7AB75EB6A5B} = {B8EB6DCA-E0DF-49C2-B5BF-EA34DFB1CF07}
		{737A2445-6DC1-495D-B48D-FDFCDAC97774} = {B8EB6DCA-E0DF-49C2-B5BF-EA34DFB1CF07}
		{E9762D7A-CD8E-4F42-9B07-243613264DEF} = {B8EB6DCA-E0DF-49C2-B5BF-EA34DFB1CF07}
	EndGlobalSection
	GlobalSection(ExtensibilityGlobals) = postSolution
		SolutionGuid = {5462D50F-C466-462D-85D8-679F48A4B87E}
	EndGlobalSection
EndGlobal
