
Microsoft Visual Studio Solution File, Format Version 12.00
# Visual Studio Version 16
VisualStudioVersion = 16.0.30011.22
MinimumVisualStudioVersion = 10.0.40219.1
Project("{FAE04EC0-301F-11D3-BF4B-00C04F79EFBC}") = "Origine.GameServer", "Origine.GameServer\Origine.GameServer.csproj", "{4D3151DB-C5AD-4938-AEA6-33D84A311FBF}"
EndProject
Global
	GlobalSection(SolutionConfigurationPlatforms) = preSolution
		Debug|Any CPU = Debug|Any CPU
		Release|Any CPU = Release|Any CPU
	EndGlobalSection
	GlobalSection(ProjectConfigurationPlatforms) = postSolution
		{4D3151DB-C5AD-4938-AEA6-33D84A311FBF}.Debug|Any CPU.ActiveCfg = Debug|Any CPU
		{4D3151DB-C5AD-4938-AEA6-33D84A311FBF}.Debug|Any CPU.Build.0 = Debug|Any CPU
		{4D3151DB-C5AD-4938-AEA6-33D84A311FBF}.Release|Any CPU.ActiveCfg = Release|Any CPU
		{4D3151DB-C5AD-4938-AEA6-33D84A311FBF}.Release|Any CPU.Build.0 = Release|Any CPU
	EndGlobalSection
	GlobalSection(SolutionProperties) = preSolution
		HideSolutionNode = FALSE
	EndGlobalSection
	GlobalSection(ExtensibilityGlobals) = postSolution
		SolutionGuid = {A7373A92-5127-4C1D-861D-58AC00EFC0F5}
	EndGlobalSection
EndGlobal
