
Microsoft Visual Studio Solution File, Format Version 12.00
# Visual Studio Version 16
VisualStudioVersion = 16.0.28809.33
MinimumVisualStudioVersion = 10.0.40219.1
Project("{2150E333-8FDC-42A3-9474-1A3956D46DE8}") = "Solution Items", "Solution Items", "{72CE888F-13E5-4CD6-820A-B9FABA1A8717}"
	ProjectSection(SolutionItems) = preProject
		build.cake = build.cake
	EndProjectSection
EndProject
Project("{2150E333-8FDC-42A3-9474-1A3956D46DE8}") = "Hosts", "Hosts", "{B8EB6DCA-E0DF-49C2-B5BF-EA34DFB1CF07}"
EndProject
Project("{2150E333-8FDC-42A3-9474-1A3956D46DE8}") = "Tests", "Tests", "{BE3631A6-0488-4965-813B-22D7953D7BC7}"
EndProject
Project("{9A19103F-16F7-4668-BE54-9A1E7A4F7556}") = "Origine.Host", "Origine.Host\Origine.Host.csproj", "{6AC52D35-6A2A-4ACC-B947-3A89589BC583}"
EndProject
Project("{9A19103F-16F7-4668-BE54-9A1E7A4F7556}") = "Origine.Dashboard", "Origine.Dashboard\Origine.Dashboard.csproj", "{07479537-6D2E-40E2-B5EB-583E83F963B8}"
EndProject
Project("{9A19103F-16F7-4668-BE54-9A1E7A4F7556}") = "Origine.WebApi", "Origine.WebApi\Origine.WebApi.csproj", "{9829C078-C99E-4F10-A56F-B3410A96B851}"
EndProject
Project("{9A19103F-16F7-4668-BE54-9A1E7A4F7556}") = "Origine.Accessor", "..\Library\Origine.Accessor\Origine.Accessor.csproj", "{E0B0CF8F-3E7E-4835-AA44-989999D5BDC2}"
EndProject
Project("{2150E333-8FDC-42A3-9474-1A3956D46DE8}") = "Library", "Library", "{75AB0E07-4A0B-4704-A243-FE1B80D0BE06}"
EndProject
Project("{9A19103F-16F7-4668-BE54-9A1E7A4F7556}") = "Origine.Configuration", "..\Library\Origine.Configuration\Origine.Configuration.csproj", "{15AC14E4-B27C-4687-B08B-EEB6CA932B16}"
EndProject
Project("{9A19103F-16F7-4668-BE54-9A1E7A4F7556}") = "Origine.Core.Abstraction", "..\Library\Origine.Core.Abstraction\Origine.Core.Abstraction.csproj", "{74C4BA20-AC39-47F6-B4F8-7E3465C487C7}"
EndProject
Project("{9A19103F-16F7-4668-BE54-9A1E7A4F7556}") = "Origine.EntityFramework", "..\Library\Origine.EntityFramework\Origine.EntityFramework.csproj", "{16957881-FF2D-4AA4-BF37-F49E3C3B545F}"
EndProject
Project("{9A19103F-16F7-4668-BE54-9A1E7A4F7556}") = "Origine.Logging", "..\Library\Origine.Logging\Origine.Logging.csproj", "{DEE9DD67-BCA8-4D81-B0CE-B44893D13532}"
EndProject
Project("{9A19103F-16F7-4668-BE54-9A1E7A4F7556}") = "Origine.HealthCheck", "..\Library\Origine.HealthCheck\Origine.HealthCheck.csproj", "{D42991AF-29A5-4423-99BA-44B1C49E0AD1}"
EndProject
Project("{9A19103F-16F7-4668-BE54-9A1E7A4F7556}") = "Origine.Core", "..\Library\Origine.Core\Origine.Core.csproj", "{EE7A39B2-25CE-46BF-918C-4D8657DE6C9E}"
EndProject
Global
	GlobalSection(SolutionConfigurationPlatforms) = preSolution
		Debug|Any CPU = Debug|Any CPU
		Release|Any CPU = Release|Any CPU
	EndGlobalSection
	GlobalSection(ProjectConfigurationPlatforms) = postSolution
		{6AC52D35-6A2A-4ACC-B947-3A89589BC583}.Debug|Any CPU.ActiveCfg = Debug|Any CPU
		{6AC52D35-6A2A-4ACC-B947-3A89589BC583}.Debug|Any CPU.Build.0 = Debug|Any CPU
		{6AC52D35-6A2A-4ACC-B947-3A89589BC583}.Release|Any CPU.ActiveCfg = Release|Any CPU
		{6AC52D35-6A2A-4ACC-B947-3A89589BC583}.Release|Any CPU.Build.0 = Release|Any CPU
		{07479537-6D2E-40E2-B5EB-583E83F963B8}.Debug|Any CPU.ActiveCfg = Debug|Any CPU
		{07479537-6D2E-40E2-B5EB-583E83F963B8}.Debug|Any CPU.Build.0 = Debug|Any CPU
		{07479537-6D2E-40E2-B5EB-583E83F963B8}.Release|Any CPU.ActiveCfg = Release|Any CPU
		{07479537-6D2E-40E2-B5EB-583E83F963B8}.Release|Any CPU.Build.0 = Release|Any CPU
		{9829C078-C99E-4F10-A56F-B3410A96B851}.Debug|Any CPU.ActiveCfg = Debug|Any CPU
		{9829C078-C99E-4F10-A56F-B3410A96B851}.Debug|Any CPU.Build.0 = Debug|Any CPU
		{9829C078-C99E-4F10-A56F-B3410A96B851}.Release|Any CPU.ActiveCfg = Release|Any CPU
		{9829C078-C99E-4F10-A56F-B3410A96B851}.Release|Any CPU.Build.0 = Release|Any CPU
		{E0B0CF8F-3E7E-4835-AA44-989999D5BDC2}.Debug|Any CPU.ActiveCfg = Debug|Any CPU
		{E0B0CF8F-3E7E-4835-AA44-989999D5BDC2}.Debug|Any CPU.Build.0 = Debug|Any CPU
		{E0B0CF8F-3E7E-4835-AA44-989999D5BDC2}.Release|Any CPU.ActiveCfg = Release|Any CPU
		{E0B0CF8F-3E7E-4835-AA44-989999D5BDC2}.Release|Any CPU.Build.0 = Release|Any CPU
		{15AC14E4-B27C-4687-B08B-EEB6CA932B16}.Debug|Any CPU.ActiveCfg = Debug|Any CPU
		{15AC14E4-B27C-4687-B08B-EEB6CA932B16}.Debug|Any CPU.Build.0 = Debug|Any CPU
		{15AC14E4-B27C-4687-B08B-EEB6CA932B16}.Release|Any CPU.ActiveCfg = Release|Any CPU
		{15AC14E4-B27C-4687-B08B-EEB6CA932B16}.Release|Any CPU.Build.0 = Release|Any CPU
		{74C4BA20-AC39-47F6-B4F8-7E3465C487C7}.Debug|Any CPU.ActiveCfg = Debug|Any CPU
		{74C4BA20-AC39-47F6-B4F8-7E3465C487C7}.Debug|Any CPU.Build.0 = Debug|Any CPU
		{74C4BA20-AC39-47F6-B4F8-7E3465C487C7}.Release|Any CPU.ActiveCfg = Release|Any CPU
		{74C4BA20-AC39-47F6-B4F8-7E3465C487C7}.Release|Any CPU.Build.0 = Release|Any CPU
		{16957881-FF2D-4AA4-BF37-F49E3C3B545F}.Debug|Any CPU.ActiveCfg = Debug|Any CPU
		{16957881-FF2D-4AA4-BF37-F49E3C3B545F}.Debug|Any CPU.Build.0 = Debug|Any CPU
		{16957881-FF2D-4AA4-BF37-F49E3C3B545F}.Release|Any CPU.ActiveCfg = Release|Any CPU
		{16957881-FF2D-4AA4-BF37-F49E3C3B545F}.Release|Any CPU.Build.0 = Release|Any CPU
		{DEE9DD67-BCA8-4D81-B0CE-B44893D13532}.Debug|Any CPU.ActiveCfg = Debug|Any CPU
		{DEE9DD67-BCA8-4D81-B0CE-B44893D13532}.Debug|Any CPU.Build.0 = Debug|Any CPU
		{DEE9DD67-BCA8-4D81-B0CE-B44893D13532}.Release|Any CPU.ActiveCfg = Release|Any CPU
		{DEE9DD67-BCA8-4D81-B0CE-B44893D13532}.Release|Any CPU.Build.0 = Release|Any CPU
		{D42991AF-29A5-4423-99BA-44B1C49E0AD1}.Debug|Any CPU.ActiveCfg = Debug|Any CPU
		{D42991AF-29A5-4423-99BA-44B1C49E0AD1}.Debug|Any CPU.Build.0 = Debug|Any CPU
		{D42991AF-29A5-4423-99BA-44B1C49E0AD1}.Release|Any CPU.ActiveCfg = Release|Any CPU
		{D42991AF-29A5-4423-99BA-44B1C49E0AD1}.Release|Any CPU.Build.0 = Release|Any CPU
		{EE7A39B2-25CE-46BF-918C-4D8657DE6C9E}.Debug|Any CPU.ActiveCfg = Debug|Any CPU
		{EE7A39B2-25CE-46BF-918C-4D8657DE6C9E}.Debug|Any CPU.Build.0 = Debug|Any CPU
		{EE7A39B2-25CE-46BF-918C-4D8657DE6C9E}.Release|Any CPU.ActiveCfg = Release|Any CPU
		{EE7A39B2-25CE-46BF-918C-4D8657DE6C9E}.Release|Any CPU.Build.0 = Release|Any CPU
	EndGlobalSection
	GlobalSection(SolutionProperties) = preSolution
		HideSolutionNode = FALSE
	EndGlobalSection
	GlobalSection(NestedProjects) = preSolution
		{6AC52D35-6A2A-4ACC-B947-3A89589BC583} = {B8EB6DCA-E0DF-49C2-B5BF-EA34DFB1CF07}
		{07479537-6D2E-40E2-B5EB-583E83F963B8} = {B8EB6DCA-E0DF-49C2-B5BF-EA34DFB1CF07}
		{9829C078-C99E-4F10-A56F-B3410A96B851} = {B8EB6DCA-E0DF-49C2-B5BF-EA34DFB1CF07}
		{E0B0CF8F-3E7E-4835-AA44-989999D5BDC2} = {75AB0E07-4A0B-4704-A243-FE1B80D0BE06}
		{15AC14E4-B27C-4687-B08B-EEB6CA932B16} = {75AB0E07-4A0B-4704-A243-FE1B80D0BE06}
		{74C4BA20-AC39-47F6-B4F8-7E3465C487C7} = {75AB0E07-4A0B-4704-A243-FE1B80D0BE06}
		{16957881-FF2D-4AA4-BF37-F49E3C3B545F} = {75AB0E07-4A0B-4704-A243-FE1B80D0BE06}
		{DEE9DD67-BCA8-4D81-B0CE-B44893D13532} = {75AB0E07-4A0B-4704-A243-FE1B80D0BE06}
		{D42991AF-29A5-4423-99BA-44B1C49E0AD1} = {75AB0E07-4A0B-4704-A243-FE1B80D0BE06}
		{EE7A39B2-25CE-46BF-918C-4D8657DE6C9E} = {75AB0E07-4A0B-4704-A243-FE1B80D0BE06}
	EndGlobalSection
	GlobalSection(ExtensibilityGlobals) = postSolution
		SolutionGuid = {5462D50F-C466-462D-85D8-679F48A4B87E}
	EndGlobalSection
EndGlobal
