
Microsoft Visual Studio Solution File, Format Version 12.00
# Visual Studio Version 16
VisualStudioVersion = 16.0.28809.33
MinimumVisualStudioVersion = 10.0.40219.1
Project("{2150E333-8FDC-42A3-9474-1A3956D46DE8}") = "Solution Items", "Solution Items", "{72CE888F-13E5-4CD6-820A-B9FABA1A8717}"
	ProjectSection(SolutionItems) = preProject
		build.cake = build.cake
	EndProjectSection
EndProject
Project("{2150E333-8FDC-42A3-9474-1A3956D46DE8}") = "Library", "Library", "{B8EB6DCA-E0DF-49C2-B5BF-EA34DFB1CF07}"
EndProject
Project("{2150E333-8FDC-42A3-9474-1A3956D46DE8}") = "Tests", "Tests", "{BE3631A6-0488-4965-813B-22D7953D7BC7}"
EndProject
Project("{9A19103F-16F7-4668-BE54-9A1E7A4F7556}") = "Origine.Host", "Origine.Host\Origine.Host.csproj", "{6AC52D35-6A2A-4ACC-B947-3A89589BC583}"
EndProject
Project("{9A19103F-16F7-4668-BE54-9A1E7A4F7556}") = "Origine.Dashboard", "Origine.Dashboard\Origine.Dashboard.csproj", "{07479537-6D2E-40E2-B5EB-583E83F963B8}"
EndProject
Project("{9A19103F-16F7-4668-BE54-9A1E7A4F7556}") = "Origine.WebApi", "Origine.WebApi\Origine.WebApi.csproj", "{9829C078-C99E-4F10-A56F-B3410A96B851}"
EndProject
Project("{9A19103F-16F7-4668-BE54-9A1E7A4F7556}") = "Origine.Accessor", "..\lib\Origine.Accessor\Origine.Accessor.csproj", "{B451838F-7E23-4DF0-A284-D09CCD0F3E55}"
EndProject
Project("{9A19103F-16F7-4668-BE54-9A1E7A4F7556}") = "Origine.Configuration", "..\lib\Origine.Configuration\Origine.Configuration.csproj", "{D6C7E39B-3C15-4755-980B-DD9FF42EADA8}"
EndProject
Project("{9A19103F-16F7-4668-BE54-9A1E7A4F7556}") = "Origine.Core", "..\lib\Origine.Core\Origine.Core.csproj", "{A1ACD567-647D-4A88-B3A6-11E506C01FF1}"
EndProject
Project("{9A19103F-16F7-4668-BE54-9A1E7A4F7556}") = "Origine.Core.Abstraction", "..\lib\Origine.Core.Abstraction\Origine.Core.Abstraction.csproj", "{FC92994A-27E8-4DF5-A68A-12C6B2299696}"
EndProject
Project("{9A19103F-16F7-4668-BE54-9A1E7A4F7556}") = "Origine.EntityFramework", "..\lib\Origine.EntityFramework\Origine.EntityFramework.csproj", "{FA8057D6-DD11-481E-BB54-43C9EE2BE971}"
EndProject
Project("{9A19103F-16F7-4668-BE54-9A1E7A4F7556}") = "Origine.HealthCheck", "..\lib\Origine.HealthCheck\Origine.HealthCheck.csproj", "{03B0B991-516C-42CC-8519-22FCCEF9C62B}"
EndProject
Project("{9A19103F-16F7-4668-BE54-9A1E7A4F7556}") = "Origine.Logging", "..\lib\Origine.Logging\Origine.Logging.csproj", "{289C3AD5-F26D-40F7-B18B-BEED1CBD0810}"
EndProject
Global
	GlobalSection(SolutionConfigurationPlatforms) = preSolution
		Debug|Any CPU = Debug|Any CPU
		Release|Any CPU = Release|Any CPU
	EndGlobalSection
	GlobalSection(ProjectConfigurationPlatforms) = postSolution
		{6AC52D35-6A2A-4ACC-B947-3A89589BC583}.Debug|Any CPU.ActiveCfg = Debug|Any CPU
		{6AC52D35-6A2A-4ACC-B947-3A89589BC583}.Debug|Any CPU.Build.0 = Debug|Any CPU
		{6AC52D35-6A2A-4ACC-B947-3A89589BC583}.Release|Any CPU.ActiveCfg = Release|Any CPU
		{6AC52D35-6A2A-4ACC-B947-3A89589BC583}.Release|Any CPU.Build.0 = Release|Any CPU
		{07479537-6D2E-40E2-B5EB-583E83F963B8}.Debug|Any CPU.ActiveCfg = Debug|Any CPU
		{07479537-6D2E-40E2-B5EB-583E83F963B8}.Debug|Any CPU.Build.0 = Debug|Any CPU
		{07479537-6D2E-40E2-B5EB-583E83F963B8}.Release|Any CPU.ActiveCfg = Release|Any CPU
		{07479537-6D2E-40E2-B5EB-583E83F963B8}.Release|Any CPU.Build.0 = Release|Any CPU
		{9829C078-C99E-4F10-A56F-B3410A96B851}.Debug|Any CPU.ActiveCfg = Debug|Any CPU
		{9829C078-C99E-4F10-A56F-B3410A96B851}.Debug|Any CPU.Build.0 = Debug|Any CPU
		{9829C078-C99E-4F10-A56F-B3410A96B851}.Release|Any CPU.ActiveCfg = Release|Any CPU
		{9829C078-C99E-4F10-A56F-B3410A96B851}.Release|Any CPU.Build.0 = Release|Any CPU
		{B451838F-7E23-4DF0-A284-D09CCD0F3E55}.Debug|Any CPU.ActiveCfg = Debug|Any CPU
		{B451838F-7E23-4DF0-A284-D09CCD0F3E55}.Debug|Any CPU.Build.0 = Debug|Any CPU
		{B451838F-7E23-4DF0-A284-D09CCD0F3E55}.Release|Any CPU.ActiveCfg = Release|Any CPU
		{B451838F-7E23-4DF0-A284-D09CCD0F3E55}.Release|Any CPU.Build.0 = Release|Any CPU
		{D6C7E39B-3C15-4755-980B-DD9FF42EADA8}.Debug|Any CPU.ActiveCfg = Debug|Any CPU
		{D6C7E39B-3C15-4755-980B-DD9FF42EADA8}.Debug|Any CPU.Build.0 = Debug|Any CPU
		{D6C7E39B-3C15-4755-980B-DD9FF42EADA8}.Release|Any CPU.ActiveCfg = Release|Any CPU
		{D6C7E39B-3C15-4755-980B-DD9FF42EADA8}.Release|Any CPU.Build.0 = Release|Any CPU
		{A1ACD567-647D-4A88-B3A6-11E506C01FF1}.Debug|Any CPU.ActiveCfg = Debug|Any CPU
		{A1ACD567-647D-4A88-B3A6-11E506C01FF1}.Debug|Any CPU.Build.0 = Debug|Any CPU
		{A1ACD567-647D-4A88-B3A6-11E506C01FF1}.Release|Any CPU.ActiveCfg = Release|Any CPU
		{A1ACD567-647D-4A88-B3A6-11E506C01FF1}.Release|Any CPU.Build.0 = Release|Any CPU
		{FC92994A-27E8-4DF5-A68A-12C6B2299696}.Debug|Any CPU.ActiveCfg = Debug|Any CPU
		{FC92994A-27E8-4DF5-A68A-12C6B2299696}.Debug|Any CPU.Build.0 = Debug|Any CPU
		{FC92994A-27E8-4DF5-A68A-12C6B2299696}.Release|Any CPU.ActiveCfg = Release|Any CPU
		{FC92994A-27E8-4DF5-A68A-12C6B2299696}.Release|Any CPU.Build.0 = Release|Any CPU
		{FA8057D6-DD11-481E-BB54-43C9EE2BE971}.Debug|Any CPU.ActiveCfg = Debug|Any CPU
		{FA8057D6-DD11-481E-BB54-43C9EE2BE971}.Debug|Any CPU.Build.0 = Debug|Any CPU
		{FA8057D6-DD11-481E-BB54-43C9EE2BE971}.Release|Any CPU.ActiveCfg = Release|Any CPU
		{FA8057D6-DD11-481E-BB54-43C9EE2BE971}.Release|Any CPU.Build.0 = Release|Any CPU
		{03B0B991-516C-42CC-8519-22FCCEF9C62B}.Debug|Any CPU.ActiveCfg = Debug|Any CPU
		{03B0B991-516C-42CC-8519-22FCCEF9C62B}.Debug|Any CPU.Build.0 = Debug|Any CPU
		{03B0B991-516C-42CC-8519-22FCCEF9C62B}.Release|Any CPU.ActiveCfg = Release|Any CPU
		{03B0B991-516C-42CC-8519-22FCCEF9C62B}.Release|Any CPU.Build.0 = Release|Any CPU
		{289C3AD5-F26D-40F7-B18B-BEED1CBD0810}.Debug|Any CPU.ActiveCfg = Debug|Any CPU
		{289C3AD5-F26D-40F7-B18B-BEED1CBD0810}.Debug|Any CPU.Build.0 = Debug|Any CPU
		{289C3AD5-F26D-40F7-B18B-BEED1CBD0810}.Release|Any CPU.ActiveCfg = Release|Any CPU
		{289C3AD5-F26D-40F7-B18B-BEED1CBD0810}.Release|Any CPU.Build.0 = Release|Any CPU
	EndGlobalSection
	GlobalSection(SolutionProperties) = preSolution
		HideSolutionNode = FALSE
	EndGlobalSection
	GlobalSection(NestedProjects) = preSolution
		{B451838F-7E23-4DF0-A284-D09CCD0F3E55} = {B8EB6DCA-E0DF-49C2-B5BF-EA34DFB1CF07}
		{D6C7E39B-3C15-4755-980B-DD9FF42EADA8} = {B8EB6DCA-E0DF-49C2-B5BF-EA34DFB1CF07}
		{A1ACD567-647D-4A88-B3A6-11E506C01FF1} = {B8EB6DCA-E0DF-49C2-B5BF-EA34DFB1CF07}
		{FC92994A-27E8-4DF5-A68A-12C6B2299696} = {B8EB6DCA-E0DF-49C2-B5BF-EA34DFB1CF07}
		{FA8057D6-DD11-481E-BB54-43C9EE2BE971} = {B8EB6DCA-E0DF-49C2-B5BF-EA34DFB1CF07}
		{03B0B991-516C-42CC-8519-22FCCEF9C62B} = {B8EB6DCA-E0DF-49C2-B5BF-EA34DFB1CF07}
		{289C3AD5-F26D-40F7-B18B-BEED1CBD0810} = {B8EB6DCA-E0DF-49C2-B5BF-EA34DFB1CF07}
	EndGlobalSection
	GlobalSection(ExtensibilityGlobals) = postSolution
		SolutionGuid = {5462D50F-C466-462D-85D8-679F48A4B87E}
	EndGlobalSection
EndGlobal
