Microsoft Visual Studio Solution File, Format Version 12.00
# Visual Studio Version 16
VisualStudioVersion = 16.0.0.0
MinimumVisualStudioVersion = 16.0.0.0
Project("{9A19103F-16F7-4668-BE54-9A1E7A4F7556}") = "Orgine.Windows", "Orgine.Windows\Orgine.Windows.csproj", "{F7891D02-E885-448D-AAC1-B3D8E92A7A1C}"
EndProject
Project("{9A19103F-16F7-4668-BE54-9A1E7A4F7556}") = "Orgine.Game", "Orgine.Game\Orgine.Game.csproj", "{3FEC4B5D-03DC-4AC9-9808-78F20DADED5C}"
EndProject
Project("{FAE04EC0-301F-11D3-BF4B-00C04F79EFBC}") = "Orgine.UWP", "Orgine.UWP\Orgine.UWP.csproj", "{9B2FD615-5E5B-4F6C-A8EA-97B71D766699}"
EndProject
Project("{9A19103F-16F7-4668-BE54-9A1E7A4F7556}") = "Orgine.Linux", "Orgine.Linux\Orgine.Linux.csproj", "{5869C847-1DF9-462C-AD95-51EF3C25C47E}"
EndProject
Project("{9A19103F-16F7-4668-BE54-9A1E7A4F7556}") = "Orgine.macOS", "Orgine.macOS\Orgine.macOS.csproj", "{EFF2B61F-57AE-45AE-B6D0-4E63409C5304}"
EndProject
Project("{FAE04EC0-301F-11D3-BF4B-00C04F79EFBC}") = "Orgine.Android", "Orgine.Android\Orgine.Android.csproj", "{DEF03DBE-323C-489E-8C16-6EBB7545C8AE}"
EndProject
Project("{FAE04EC0-301F-11D3-BF4B-00C04F79EFBC}") = "Orgine.iOS", "Orgine.iOS\Orgine.iOS.csproj", "{0836E1C3-DCDE-4A24-9E99-7DF95A09961B}"
EndProject
Global
	GlobalSection(SolutionConfigurationPlatforms) = preSolution
		AppStore|Android = AppStore|Android
		AppStore|Any CPU = AppStore|Any CPU
		AppStore|ARM = AppStore|ARM
		AppStore|iPhone = AppStore|iPhone
		AppStore|iPhoneSimulator = AppStore|iPhoneSimulator
		AppStore|x64 = AppStore|x64
		AppStore|x86 = AppStore|x86
		Debug|Android = Debug|Android
		Debug|Any CPU = Debug|Any CPU
		Debug|ARM = Debug|ARM
		Debug|iPhone = Debug|iPhone
		Debug|iPhoneSimulator = Debug|iPhoneSimulator
		Debug|x64 = Debug|x64
		Debug|x86 = Debug|x86
		Release|Android = Release|Android
		Release|Any CPU = Release|Any CPU
		Release|ARM = Release|ARM
		Release|iPhone = Release|iPhone
		Release|iPhoneSimulator = Release|iPhoneSimulator
		Release|x64 = Release|x64
		Release|x86 = Release|x86
		Testing|Android = Testing|Android
		Testing|Any CPU = Testing|Any CPU
		Testing|ARM = Testing|ARM
		Testing|iPhone = Testing|iPhone
		Testing|iPhoneSimulator = Testing|iPhoneSimulator
		Testing|x64 = Testing|x64
		Testing|x86 = Testing|x86
	EndGlobalSection
	GlobalSection(ProjectConfigurationPlatforms) = postSolution
		{F7891D02-E885-448D-AAC1-B3D8E92A7A1C}.AppStore|Android.ActiveCfg = Debug|Any CPU
		{F7891D02-E885-448D-AAC1-B3D8E92A7A1C}.AppStore|Android.Build.0 = Debug|Any CPU
		{F7891D02-E885-448D-AAC1-B3D8E92A7A1C}.AppStore|Any CPU.ActiveCfg = Debug|Any CPU
		{F7891D02-E885-448D-AAC1-B3D8E92A7A1C}.AppStore|Any CPU.Build.0 = Debug|Any CPU
		{F7891D02-E885-448D-AAC1-B3D8E92A7A1C}.AppStore|ARM.ActiveCfg = Debug|Any CPU
		{F7891D02-E885-448D-AAC1-B3D8E92A7A1C}.AppStore|ARM.Build.0 = Debug|Any CPU
		{F7891D02-E885-448D-AAC1-B3D8E92A7A1C}.AppStore|iPhone.ActiveCfg = Debug|Any CPU
		{F7891D02-E885-448D-AAC1-B3D8E92A7A1C}.AppStore|iPhone.Build.0 = Debug|Any CPU
		{F7891D02-E885-448D-AAC1-B3D8E92A7A1C}.AppStore|iPhoneSimulator.ActiveCfg = Debug|Any CPU
		{F7891D02-E885-448D-AAC1-B3D8E92A7A1C}.AppStore|iPhoneSimulator.Build.0 = Debug|Any CPU
		{F7891D02-E885-448D-AAC1-B3D8E92A7A1C}.AppStore|x64.ActiveCfg = Debug|Any CPU
		{F7891D02-E885-448D-AAC1-B3D8E92A7A1C}.AppStore|x64.Build.0 = Debug|Any CPU
		{F7891D02-E885-448D-AAC1-B3D8E92A7A1C}.AppStore|x86.ActiveCfg = Debug|Any CPU
		{F7891D02-E885-448D-AAC1-B3D8E92A7A1C}.AppStore|x86.Build.0 = Debug|Any CPU
		{F7891D02-E885-448D-AAC1-B3D8E92A7A1C}.Debug|Android.ActiveCfg = Debug|Any CPU
		{F7891D02-E885-448D-AAC1-B3D8E92A7A1C}.Debug|Android.Build.0 = Debug|Any CPU
		{F7891D02-E885-448D-AAC1-B3D8E92A7A1C}.Debug|Any CPU.ActiveCfg = Debug|Any CPU
		{F7891D02-E885-448D-AAC1-B3D8E92A7A1C}.Debug|Any CPU.Build.0 = Debug|Any CPU
		{F7891D02-E885-448D-AAC1-B3D8E92A7A1C}.Debug|ARM.ActiveCfg = Debug|Any CPU
		{F7891D02-E885-448D-AAC1-B3D8E92A7A1C}.Debug|ARM.Build.0 = Debug|Any CPU
		{F7891D02-E885-448D-AAC1-B3D8E92A7A1C}.Debug|iPhone.ActiveCfg = Debug|Any CPU
		{F7891D02-E885-448D-AAC1-B3D8E92A7A1C}.Debug|iPhone.Build.0 = Debug|Any CPU
		{F7891D02-E885-448D-AAC1-B3D8E92A7A1C}.Debug|iPhoneSimulator.ActiveCfg = Debug|Any CPU
		{F7891D02-E885-448D-AAC1-B3D8E92A7A1C}.Debug|iPhoneSimulator.Build.0 = Debug|Any CPU
		{F7891D02-E885-448D-AAC1-B3D8E92A7A1C}.Debug|x64.ActiveCfg = Debug|Any CPU
		{F7891D02-E885-448D-AAC1-B3D8E92A7A1C}.Debug|x64.Build.0 = Debug|Any CPU
		{F7891D02-E885-448D-AAC1-B3D8E92A7A1C}.Debug|x86.ActiveCfg = Debug|Any CPU
		{F7891D02-E885-448D-AAC1-B3D8E92A7A1C}.Debug|x86.Build.0 = Debug|Any CPU
		{F7891D02-E885-448D-AAC1-B3D8E92A7A1C}.Release|Android.ActiveCfg = Release|Any CPU
		{F7891D02-E885-448D-AAC1-B3D8E92A7A1C}.Release|Android.Build.0 = Release|Any CPU
		{F7891D02-E885-448D-AAC1-B3D8E92A7A1C}.Release|Any CPU.ActiveCfg = Release|Any CPU
		{F7891D02-E885-448D-AAC1-B3D8E92A7A1C}.Release|Any CPU.Build.0 = Release|Any CPU
		{F7891D02-E885-448D-AAC1-B3D8E92A7A1C}.Release|ARM.ActiveCfg = Release|Any CPU
		{F7891D02-E885-448D-AAC1-B3D8E92A7A1C}.Release|ARM.Build.0 = Release|Any CPU
		{F7891D02-E885-448D-AAC1-B3D8E92A7A1C}.Release|iPhone.ActiveCfg = Release|Any CPU
		{F7891D02-E885-448D-AAC1-B3D8E92A7A1C}.Release|iPhone.Build.0 = Release|Any CPU
		{F7891D02-E885-448D-AAC1-B3D8E92A7A1C}.Release|iPhoneSimulator.ActiveCfg = Release|Any CPU
		{F7891D02-E885-448D-AAC1-B3D8E92A7A1C}.Release|iPhoneSimulator.Build.0 = Release|Any CPU
		{F7891D02-E885-448D-AAC1-B3D8E92A7A1C}.Release|x64.ActiveCfg = Release|Any CPU
		{F7891D02-E885-448D-AAC1-B3D8E92A7A1C}.Release|x64.Build.0 = Release|Any CPU
		{F7891D02-E885-448D-AAC1-B3D8E92A7A1C}.Release|x86.ActiveCfg = Release|Any CPU
		{F7891D02-E885-448D-AAC1-B3D8E92A7A1C}.Release|x86.Build.0 = Release|Any CPU
		{F7891D02-E885-448D-AAC1-B3D8E92A7A1C}.Testing|Android.ActiveCfg = Debug|Any CPU
		{F7891D02-E885-448D-AAC1-B3D8E92A7A1C}.Testing|Android.Build.0 = Debug|Any CPU
		{F7891D02-E885-448D-AAC1-B3D8E92A7A1C}.Testing|Any CPU.ActiveCfg = Debug|Any CPU
		{F7891D02-E885-448D-AAC1-B3D8E92A7A1C}.Testing|Any CPU.Build.0 = Debug|Any CPU
		{F7891D02-E885-448D-AAC1-B3D8E92A7A1C}.Testing|ARM.ActiveCfg = Debug|Any CPU
		{F7891D02-E885-448D-AAC1-B3D8E92A7A1C}.Testing|ARM.Build.0 = Debug|Any CPU
		{F7891D02-E885-448D-AAC1-B3D8E92A7A1C}.Testing|iPhone.ActiveCfg = Debug|Any CPU
		{F7891D02-E885-448D-AAC1-B3D8E92A7A1C}.Testing|iPhone.Build.0 = Debug|Any CPU
		{F7891D02-E885-448D-AAC1-B3D8E92A7A1C}.Testing|iPhoneSimulator.ActiveCfg = Debug|Any CPU
		{F7891D02-E885-448D-AAC1-B3D8E92A7A1C}.Testing|iPhoneSimulator.Build.0 = Debug|Any CPU
		{F7891D02-E885-448D-AAC1-B3D8E92A7A1C}.Testing|x64.ActiveCfg = Debug|Any CPU
		{F7891D02-E885-448D-AAC1-B3D8E92A7A1C}.Testing|x64.Build.0 = Debug|Any CPU
		{F7891D02-E885-448D-AAC1-B3D8E92A7A1C}.Testing|x86.ActiveCfg = Debug|Any CPU
		{F7891D02-E885-448D-AAC1-B3D8E92A7A1C}.Testing|x86.Build.0 = Debug|Any CPU
		{3FEC4B5D-03DC-4AC9-9808-78F20DADED5C}.AppStore|Android.ActiveCfg = Debug|Any CPU
		{3FEC4B5D-03DC-4AC9-9808-78F20DADED5C}.AppStore|Android.Build.0 = Debug|Any CPU
		{3FEC4B5D-03DC-4AC9-9808-78F20DADED5C}.AppStore|Any CPU.ActiveCfg = Debug|Any CPU
		{3FEC4B5D-03DC-4AC9-9808-78F20DADED5C}.AppStore|Any CPU.Build.0 = Debug|Any CPU
		{3FEC4B5D-03DC-4AC9-9808-78F20DADED5C}.AppStore|ARM.ActiveCfg = Debug|Any CPU
		{3FEC4B5D-03DC-4AC9-9808-78F20DADED5C}.AppStore|ARM.Build.0 = Debug|Any CPU
		{3FEC4B5D-03DC-4AC9-9808-78F20DADED5C}.AppStore|iPhone.ActiveCfg = Debug|Any CPU
		{3FEC4B5D-03DC-4AC9-9808-78F20DADED5C}.AppStore|iPhone.Build.0 = Debug|Any CPU
		{3FEC4B5D-03DC-4AC9-9808-78F20DADED5C}.AppStore|iPhoneSimulator.ActiveCfg = Debug|Any CPU
		{3FEC4B5D-03DC-4AC9-9808-78F20DADED5C}.AppStore|iPhoneSimulator.Build.0 = Debug|Any CPU
		{3FEC4B5D-03DC-4AC9-9808-78F20DADED5C}.AppStore|x64.ActiveCfg = Debug|Any CPU
		{3FEC4B5D-03DC-4AC9-9808-78F20DADED5C}.AppStore|x64.Build.0 = Debug|Any CPU
		{3FEC4B5D-03DC-4AC9-9808-78F20DADED5C}.AppStore|x86.ActiveCfg = Debug|Any CPU
		{3FEC4B5D-03DC-4AC9-9808-78F20DADED5C}.AppStore|x86.Build.0 = Debug|Any CPU
		{3FEC4B5D-03DC-4AC9-9808-78F20DADED5C}.Debug|Android.ActiveCfg = Debug|Any CPU
		{3FEC4B5D-03DC-4AC9-9808-78F20DADED5C}.Debug|Android.Build.0 = Debug|Any CPU
		{3FEC4B5D-03DC-4AC9-9808-78F20DADED5C}.Debug|Any CPU.ActiveCfg = Debug|Any CPU
		{3FEC4B5D-03DC-4AC9-9808-78F20DADED5C}.Debug|Any CPU.Build.0 = Debug|Any CPU
		{3FEC4B5D-03DC-4AC9-9808-78F20DADED5C}.Debug|ARM.ActiveCfg = Debug|Any CPU
		{3FEC4B5D-03DC-4AC9-9808-78F20DADED5C}.Debug|ARM.Build.0 = Debug|Any CPU
		{3FEC4B5D-03DC-4AC9-9808-78F20DADED5C}.Debug|iPhone.ActiveCfg = Debug|Any CPU
		{3FEC4B5D-03DC-4AC9-9808-78F20DADED5C}.Debug|iPhone.Build.0 = Debug|Any CPU
		{3FEC4B5D-03DC-4AC9-9808-78F20DADED5C}.Debug|iPhoneSimulator.ActiveCfg = Debug|Any CPU
		{3FEC4B5D-03DC-4AC9-9808-78F20DADED5C}.Debug|iPhoneSimulator.Build.0 = Debug|Any CPU
		{3FEC4B5D-03DC-4AC9-9808-78F20DADED5C}.Debug|x64.ActiveCfg = Debug|Any CPU
		{3FEC4B5D-03DC-4AC9-9808-78F20DADED5C}.Debug|x64.Build.0 = Debug|Any CPU
		{3FEC4B5D-03DC-4AC9-9808-78F20DADED5C}.Debug|x86.ActiveCfg = Debug|Any CPU
		{3FEC4B5D-03DC-4AC9-9808-78F20DADED5C}.Debug|x86.Build.0 = Debug|Any CPU
		{3FEC4B5D-03DC-4AC9-9808-78F20DADED5C}.Release|Android.ActiveCfg = Release|Any CPU
		{3FEC4B5D-03DC-4AC9-9808-78F20DADED5C}.Release|Android.Build.0 = Release|Any CPU
		{3FEC4B5D-03DC-4AC9-9808-78F20DADED5C}.Release|Any CPU.ActiveCfg = Release|Any CPU
		{3FEC4B5D-03DC-4AC9-9808-78F20DADED5C}.Release|Any CPU.Build.0 = Release|Any CPU
		{3FEC4B5D-03DC-4AC9-9808-78F20DADED5C}.Release|ARM.ActiveCfg = Release|Any CPU
		{3FEC4B5D-03DC-4AC9-9808-78F20DADED5C}.Release|ARM.Build.0 = Release|Any CPU
		{3FEC4B5D-03DC-4AC9-9808-78F20DADED5C}.Release|iPhone.ActiveCfg = Release|Any CPU
		{3FEC4B5D-03DC-4AC9-9808-78F20DADED5C}.Release|iPhone.Build.0 = Release|Any CPU
		{3FEC4B5D-03DC-4AC9-9808-78F20DADED5C}.Release|iPhoneSimulator.ActiveCfg = Release|Any CPU
		{3FEC4B5D-03DC-4AC9-9808-78F20DADED5C}.Release|iPhoneSimulator.Build.0 = Release|Any CPU
		{3FEC4B5D-03DC-4AC9-9808-78F20DADED5C}.Release|x64.ActiveCfg = Release|Any CPU
		{3FEC4B5D-03DC-4AC9-9808-78F20DADED5C}.Release|x64.Build.0 = Release|Any CPU
		{3FEC4B5D-03DC-4AC9-9808-78F20DADED5C}.Release|x86.ActiveCfg = Release|Any CPU
		{3FEC4B5D-03DC-4AC9-9808-78F20DADED5C}.Release|x86.Build.0 = Release|Any CPU
		{3FEC4B5D-03DC-4AC9-9808-78F20DADED5C}.Testing|Android.ActiveCfg = Debug|Any CPU
		{3FEC4B5D-03DC-4AC9-9808-78F20DADED5C}.Testing|Android.Build.0 = Debug|Any CPU
		{3FEC4B5D-03DC-4AC9-9808-78F20DADED5C}.Testing|Any CPU.ActiveCfg = Debug|Any CPU
		{3FEC4B5D-03DC-4AC9-9808-78F20DADED5C}.Testing|Any CPU.Build.0 = Debug|Any CPU
		{3FEC4B5D-03DC-4AC9-9808-78F20DADED5C}.Testing|ARM.ActiveCfg = Debug|Any CPU
		{3FEC4B5D-03DC-4AC9-9808-78F20DADED5C}.Testing|ARM.Build.0 = Debug|Any CPU
		{3FEC4B5D-03DC-4AC9-9808-78F20DADED5C}.Testing|iPhone.ActiveCfg = Debug|Any CPU
		{3FEC4B5D-03DC-4AC9-9808-78F20DADED5C}.Testing|iPhone.Build.0 = Debug|Any CPU
		{3FEC4B5D-03DC-4AC9-9808-78F20DADED5C}.Testing|iPhoneSimulator.ActiveCfg = Debug|Any CPU
		{3FEC4B5D-03DC-4AC9-9808-78F20DADED5C}.Testing|iPhoneSimulator.Build.0 = Debug|Any CPU
		{3FEC4B5D-03DC-4AC9-9808-78F20DADED5C}.Testing|x64.ActiveCfg = Debug|Any CPU
		{3FEC4B5D-03DC-4AC9-9808-78F20DADED5C}.Testing|x64.Build.0 = Debug|Any CPU
		{3FEC4B5D-03DC-4AC9-9808-78F20DADED5C}.Testing|x86.ActiveCfg = Debug|Any CPU
		{3FEC4B5D-03DC-4AC9-9808-78F20DADED5C}.Testing|x86.Build.0 = Debug|Any CPU
		{9B2FD615-5E5B-4F6C-A8EA-97B71D766699}.AppStore|Android.ActiveCfg = AppStore|x86
		{9B2FD615-5E5B-4F6C-A8EA-97B71D766699}.AppStore|Any CPU.ActiveCfg = AppStore|x86
		{9B2FD615-5E5B-4F6C-A8EA-97B71D766699}.AppStore|ARM.ActiveCfg = AppStore|ARM
		{9B2FD615-5E5B-4F6C-A8EA-97B71D766699}.AppStore|ARM.Build.0 = AppStore|ARM
		{9B2FD615-5E5B-4F6C-A8EA-97B71D766699}.AppStore|ARM.Deploy.0 = AppStore|ARM
		{9B2FD615-5E5B-4F6C-A8EA-97B71D766699}.AppStore|iPhone.ActiveCfg = AppStore|x86
		{9B2FD615-5E5B-4F6C-A8EA-97B71D766699}.AppStore|iPhoneSimulator.ActiveCfg = AppStore|x86
		{9B2FD615-5E5B-4F6C-A8EA-97B71D766699}.AppStore|x64.ActiveCfg = AppStore|x64
		{9B2FD615-5E5B-4F6C-A8EA-97B71D766699}.AppStore|x64.Build.0 = AppStore|x64
		{9B2FD615-5E5B-4F6C-A8EA-97B71D766699}.AppStore|x64.Deploy.0 = AppStore|x64
		{9B2FD615-5E5B-4F6C-A8EA-97B71D766699}.AppStore|x86.ActiveCfg = AppStore|x86
		{9B2FD615-5E5B-4F6C-A8EA-97B71D766699}.AppStore|x86.Build.0 = AppStore|x86
		{9B2FD615-5E5B-4F6C-A8EA-97B71D766699}.AppStore|x86.Deploy.0 = AppStore|x86
		{9B2FD615-5E5B-4F6C-A8EA-97B71D766699}.Debug|Android.ActiveCfg = Debug|x86
		{9B2FD615-5E5B-4F6C-A8EA-97B71D766699}.Debug|Any CPU.ActiveCfg = Debug|x86
		{9B2FD615-5E5B-4F6C-A8EA-97B71D766699}.Debug|ARM.ActiveCfg = Debug|ARM
		{9B2FD615-5E5B-4F6C-A8EA-97B71D766699}.Debug|ARM.Build.0 = Debug|ARM
		{9B2FD615-5E5B-4F6C-A8EA-97B71D766699}.Debug|ARM.Deploy.0 = Debug|ARM
		{9B2FD615-5E5B-4F6C-A8EA-97B71D766699}.Debug|iPhone.ActiveCfg = Debug|x86
		{9B2FD615-5E5B-4F6C-A8EA-97B71D766699}.Debug|iPhoneSimulator.ActiveCfg = Debug|x86
		{9B2FD615-5E5B-4F6C-A8EA-97B71D766699}.Debug|x64.ActiveCfg = Debug|x64
		{9B2FD615-5E5B-4F6C-A8EA-97B71D766699}.Debug|x64.Build.0 = Debug|x64
		{9B2FD615-5E5B-4F6C-A8EA-97B71D766699}.Debug|x64.Deploy.0 = Debug|x64
		{9B2FD615-5E5B-4F6C-A8EA-97B71D766699}.Debug|x86.ActiveCfg = Debug|x86
		{9B2FD615-5E5B-4F6C-A8EA-97B71D766699}.Debug|x86.Build.0 = Debug|x86
		{9B2FD615-5E5B-4F6C-A8EA-97B71D766699}.Debug|x86.Deploy.0 = Debug|x86
		{9B2FD615-5E5B-4F6C-A8EA-97B71D766699}.Release|Android.ActiveCfg = Release|x86
		{9B2FD615-5E5B-4F6C-A8EA-97B71D766699}.Release|Any CPU.ActiveCfg = Release|x86
		{9B2FD615-5E5B-4F6C-A8EA-97B71D766699}.Release|ARM.ActiveCfg = Release|ARM
		{9B2FD615-5E5B-4F6C-A8EA-97B71D766699}.Release|ARM.Build.0 = Release|ARM
		{9B2FD615-5E5B-4F6C-A8EA-97B71D766699}.Release|ARM.Deploy.0 = Release|ARM
		{9B2FD615-5E5B-4F6C-A8EA-97B71D766699}.Release|iPhone.ActiveCfg = Release|x86
		{9B2FD615-5E5B-4F6C-A8EA-97B71D766699}.Release|iPhoneSimulator.ActiveCfg = Release|x86
		{9B2FD615-5E5B-4F6C-A8EA-97B71D766699}.Release|x64.ActiveCfg = Release|x64
		{9B2FD615-5E5B-4F6C-A8EA-97B71D766699}.Release|x64.Build.0 = Release|x64
		{9B2FD615-5E5B-4F6C-A8EA-97B71D766699}.Release|x64.Deploy.0 = Release|x64
		{9B2FD615-5E5B-4F6C-A8EA-97B71D766699}.Release|x86.ActiveCfg = Release|x86
		{9B2FD615-5E5B-4F6C-A8EA-97B71D766699}.Release|x86.Build.0 = Release|x86
		{9B2FD615-5E5B-4F6C-A8EA-97B71D766699}.Release|x86.Deploy.0 = Release|x86
		{9B2FD615-5E5B-4F6C-A8EA-97B71D766699}.Testing|Android.ActiveCfg = Testing|x86
		{9B2FD615-5E5B-4F6C-A8EA-97B71D766699}.Testing|Any CPU.ActiveCfg = Testing|x86
		{9B2FD615-5E5B-4F6C-A8EA-97B71D766699}.Testing|ARM.ActiveCfg = Testing|ARM
		{9B2FD615-5E5B-4F6C-A8EA-97B71D766699}.Testing|ARM.Build.0 = Testing|ARM
		{9B2FD615-5E5B-4F6C-A8EA-97B71D766699}.Testing|ARM.Deploy.0 = Testing|ARM
		{9B2FD615-5E5B-4F6C-A8EA-97B71D766699}.Testing|iPhone.ActiveCfg = Testing|x86
		{9B2FD615-5E5B-4F6C-A8EA-97B71D766699}.Testing|iPhoneSimulator.ActiveCfg = Testing|x86
		{9B2FD615-5E5B-4F6C-A8EA-97B71D766699}.Testing|x64.ActiveCfg = Testing|x64
		{9B2FD615-5E5B-4F6C-A8EA-97B71D766699}.Testing|x64.Build.0 = Testing|x64
		{9B2FD615-5E5B-4F6C-A8EA-97B71D766699}.Testing|x64.Deploy.0 = Testing|x64
		{9B2FD615-5E5B-4F6C-A8EA-97B71D766699}.Testing|x86.ActiveCfg = Testing|x86
		{9B2FD615-5E5B-4F6C-A8EA-97B71D766699}.Testing|x86.Build.0 = Testing|x86
		{9B2FD615-5E5B-4F6C-A8EA-97B71D766699}.Testing|x86.Deploy.0 = Testing|x86
		{5869C847-1DF9-462C-AD95-51EF3C25C47E}.AppStore|Android.ActiveCfg = Debug|Any CPU
		{5869C847-1DF9-462C-AD95-51EF3C25C47E}.AppStore|Android.Build.0 = Debug|Any CPU
		{5869C847-1DF9-462C-AD95-51EF3C25C47E}.AppStore|Any CPU.ActiveCfg = Debug|Any CPU
		{5869C847-1DF9-462C-AD95-51EF3C25C47E}.AppStore|Any CPU.Build.0 = Debug|Any CPU
		{5869C847-1DF9-462C-AD95-51EF3C25C47E}.AppStore|ARM.ActiveCfg = Debug|Any CPU
		{5869C847-1DF9-462C-AD95-51EF3C25C47E}.AppStore|ARM.Build.0 = Debug|Any CPU
		{5869C847-1DF9-462C-AD95-51EF3C25C47E}.AppStore|iPhone.ActiveCfg = Debug|Any CPU
		{5869C847-1DF9-462C-AD95-51EF3C25C47E}.AppStore|iPhone.Build.0 = Debug|Any CPU
		{5869C847-1DF9-462C-AD95-51EF3C25C47E}.AppStore|iPhoneSimulator.ActiveCfg = Debug|Any CPU
		{5869C847-1DF9-462C-AD95-51EF3C25C47E}.AppStore|iPhoneSimulator.Build.0 = Debug|Any CPU
		{5869C847-1DF9-462C-AD95-51EF3C25C47E}.AppStore|x64.ActiveCfg = Debug|Any CPU
		{5869C847-1DF9-462C-AD95-51EF3C25C47E}.AppStore|x64.Build.0 = Debug|Any CPU
		{5869C847-1DF9-462C-AD95-51EF3C25C47E}.AppStore|x86.ActiveCfg = Debug|Any CPU
		{5869C847-1DF9-462C-AD95-51EF3C25C47E}.AppStore|x86.Build.0 = Debug|Any CPU
		{5869C847-1DF9-462C-AD95-51EF3C25C47E}.Debug|Android.ActiveCfg = Debug|Any CPU
		{5869C847-1DF9-462C-AD95-51EF3C25C47E}.Debug|Android.Build.0 = Debug|Any CPU
		{5869C847-1DF9-462C-AD95-51EF3C25C47E}.Debug|Any CPU.ActiveCfg = Debug|Any CPU
		{5869C847-1DF9-462C-AD95-51EF3C25C47E}.Debug|Any CPU.Build.0 = Debug|Any CPU
		{5869C847-1DF9-462C-AD95-51EF3C25C47E}.Debug|ARM.ActiveCfg = Debug|Any CPU
		{5869C847-1DF9-462C-AD95-51EF3C25C47E}.Debug|ARM.Build.0 = Debug|Any CPU
		{5869C847-1DF9-462C-AD95-51EF3C25C47E}.Debug|iPhone.ActiveCfg = Debug|Any CPU
		{5869C847-1DF9-462C-AD95-51EF3C25C47E}.Debug|iPhone.Build.0 = Debug|Any CPU
		{5869C847-1DF9-462C-AD95-51EF3C25C47E}.Debug|iPhoneSimulator.ActiveCfg = Debug|Any CPU
		{5869C847-1DF9-462C-AD95-51EF3C25C47E}.Debug|iPhoneSimulator.Build.0 = Debug|Any CPU
		{5869C847-1DF9-462C-AD95-51EF3C25C47E}.Debug|x64.ActiveCfg = Debug|Any CPU
		{5869C847-1DF9-462C-AD95-51EF3C25C47E}.Debug|x64.Build.0 = Debug|Any CPU
		{5869C847-1DF9-462C-AD95-51EF3C25C47E}.Debug|x86.ActiveCfg = Debug|Any CPU
		{5869C847-1DF9-462C-AD95-51EF3C25C47E}.Debug|x86.Build.0 = Debug|Any CPU
		{5869C847-1DF9-462C-AD95-51EF3C25C47E}.Release|Android.ActiveCfg = Release|Any CPU
		{5869C847-1DF9-462C-AD95-51EF3C25C47E}.Release|Android.Build.0 = Release|Any CPU
		{5869C847-1DF9-462C-AD95-51EF3C25C47E}.Release|Any CPU.ActiveCfg = Release|Any CPU
		{5869C847-1DF9-462C-AD95-51EF3C25C47E}.Release|Any CPU.Build.0 = Release|Any CPU
		{5869C847-1DF9-462C-AD95-51EF3C25C47E}.Release|ARM.ActiveCfg = Release|Any CPU
		{5869C847-1DF9-462C-AD95-51EF3C25C47E}.Release|ARM.Build.0 = Release|Any CPU
		{5869C847-1DF9-462C-AD95-51EF3C25C47E}.Release|iPhone.ActiveCfg = Release|Any CPU
		{5869C847-1DF9-462C-AD95-51EF3C25C47E}.Release|iPhone.Build.0 = Release|Any CPU
		{5869C847-1DF9-462C-AD95-51EF3C25C47E}.Release|iPhoneSimulator.ActiveCfg = Release|Any CPU
		{5869C847-1DF9-462C-AD95-51EF3C25C47E}.Release|iPhoneSimulator.Build.0 = Release|Any CPU
		{5869C847-1DF9-462C-AD95-51EF3C25C47E}.Release|x64.ActiveCfg = Release|Any CPU
		{5869C847-1DF9-462C-AD95-51EF3C25C47E}.Release|x64.Build.0 = Release|Any CPU
		{5869C847-1DF9-462C-AD95-51EF3C25C47E}.Release|x86.ActiveCfg = Release|Any CPU
		{5869C847-1DF9-462C-AD95-51EF3C25C47E}.Release|x86.Build.0 = Release|Any CPU
		{5869C847-1DF9-462C-AD95-51EF3C25C47E}.Testing|Android.ActiveCfg = Debug|Any CPU
		{5869C847-1DF9-462C-AD95-51EF3C25C47E}.Testing|Android.Build.0 = Debug|Any CPU
		{5869C847-1DF9-462C-AD95-51EF3C25C47E}.Testing|Any CPU.ActiveCfg = Debug|Any CPU
		{5869C847-1DF9-462C-AD95-51EF3C25C47E}.Testing|Any CPU.Build.0 = Debug|Any CPU
		{5869C847-1DF9-462C-AD95-51EF3C25C47E}.Testing|ARM.ActiveCfg = Debug|Any CPU
		{5869C847-1DF9-462C-AD95-51EF3C25C47E}.Testing|ARM.Build.0 = Debug|Any CPU
		{5869C847-1DF9-462C-AD95-51EF3C25C47E}.Testing|iPhone.ActiveCfg = Debug|Any CPU
		{5869C847-1DF9-462C-AD95-51EF3C25C47E}.Testing|iPhone.Build.0 = Debug|Any CPU
		{5869C847-1DF9-462C-AD95-51EF3C25C47E}.Testing|iPhoneSimulator.ActiveCfg = Debug|Any CPU
		{5869C847-1DF9-462C-AD95-51EF3C25C47E}.Testing|iPhoneSimulator.Build.0 = Debug|Any CPU
		{5869C847-1DF9-462C-AD95-51EF3C25C47E}.Testing|x64.ActiveCfg = Debug|Any CPU
		{5869C847-1DF9-462C-AD95-51EF3C25C47E}.Testing|x64.Build.0 = Debug|Any CPU
		{5869C847-1DF9-462C-AD95-51EF3C25C47E}.Testing|x86.ActiveCfg = Debug|Any CPU
		{5869C847-1DF9-462C-AD95-51EF3C25C47E}.Testing|x86.Build.0 = Debug|Any CPU
		{EFF2B61F-57AE-45AE-B6D0-4E63409C5304}.AppStore|Android.ActiveCfg = Debug|Any CPU
		{EFF2B61F-57AE-45AE-B6D0-4E63409C5304}.AppStore|Android.Build.0 = Debug|Any CPU
		{EFF2B61F-57AE-45AE-B6D0-4E63409C5304}.AppStore|Any CPU.ActiveCfg = Debug|Any CPU
		{EFF2B61F-57AE-45AE-B6D0-4E63409C5304}.AppStore|Any CPU.Build.0 = Debug|Any CPU
		{EFF2B61F-57AE-45AE-B6D0-4E63409C5304}.AppStore|ARM.ActiveCfg = Debug|Any CPU
		{EFF2B61F-57AE-45AE-B6D0-4E63409C5304}.AppStore|ARM.Build.0 = Debug|Any CPU
		{EFF2B61F-57AE-45AE-B6D0-4E63409C5304}.AppStore|iPhone.ActiveCfg = Debug|Any CPU
		{EFF2B61F-57AE-45AE-B6D0-4E63409C5304}.AppStore|iPhone.Build.0 = Debug|Any CPU
		{EFF2B61F-57AE-45AE-B6D0-4E63409C5304}.AppStore|iPhoneSimulator.ActiveCfg = Debug|Any CPU
		{EFF2B61F-57AE-45AE-B6D0-4E63409C5304}.AppStore|iPhoneSimulator.Build.0 = Debug|Any CPU
		{EFF2B61F-57AE-45AE-B6D0-4E63409C5304}.AppStore|x64.ActiveCfg = Debug|Any CPU
		{EFF2B61F-57AE-45AE-B6D0-4E63409C5304}.AppStore|x64.Build.0 = Debug|Any CPU
		{EFF2B61F-57AE-45AE-B6D0-4E63409C5304}.AppStore|x86.ActiveCfg = Debug|Any CPU
		{EFF2B61F-57AE-45AE-B6D0-4E63409C5304}.AppStore|x86.Build.0 = Debug|Any CPU
		{EFF2B61F-57AE-45AE-B6D0-4E63409C5304}.Debug|Android.ActiveCfg = Debug|Any CPU
		{EFF2B61F-57AE-45AE-B6D0-4E63409C5304}.Debug|Android.Build.0 = Debug|Any CPU
		{EFF2B61F-57AE-45AE-B6D0-4E63409C5304}.Debug|Any CPU.ActiveCfg = Debug|Any CPU
		{EFF2B61F-57AE-45AE-B6D0-4E63409C5304}.Debug|Any CPU.Build.0 = Debug|Any CPU
		{EFF2B61F-57AE-45AE-B6D0-4E63409C5304}.Debug|ARM.ActiveCfg = Debug|Any CPU
		{EFF2B61F-57AE-45AE-B6D0-4E63409C5304}.Debug|ARM.Build.0 = Debug|Any CPU
		{EFF2B61F-57AE-45AE-B6D0-4E63409C5304}.Debug|iPhone.ActiveCfg = Debug|Any CPU
		{EFF2B61F-57AE-45AE-B6D0-4E63409C5304}.Debug|iPhone.Build.0 = Debug|Any CPU
		{EFF2B61F-57AE-45AE-B6D0-4E63409C5304}.Debug|iPhoneSimulator.ActiveCfg = Debug|Any CPU
		{EFF2B61F-57AE-45AE-B6D0-4E63409C5304}.Debug|iPhoneSimulator.Build.0 = Debug|Any CPU
		{EFF2B61F-57AE-45AE-B6D0-4E63409C5304}.Debug|x64.ActiveCfg = Debug|Any CPU
		{EFF2B61F-57AE-45AE-B6D0-4E63409C5304}.Debug|x64.Build.0 = Debug|Any CPU
		{EFF2B61F-57AE-45AE-B6D0-4E63409C5304}.Debug|x86.ActiveCfg = Debug|Any CPU
		{EFF2B61F-57AE-45AE-B6D0-4E63409C5304}.Debug|x86.Build.0 = Debug|Any CPU
		{EFF2B61F-57AE-45AE-B6D0-4E63409C5304}.Release|Android.ActiveCfg = Release|Any CPU
		{EFF2B61F-57AE-45AE-B6D0-4E63409C5304}.Release|Android.Build.0 = Release|Any CPU
		{EFF2B61F-57AE-45AE-B6D0-4E63409C5304}.Release|Any CPU.ActiveCfg = Release|Any CPU
		{EFF2B61F-57AE-45AE-B6D0-4E63409C5304}.Release|Any CPU.Build.0 = Release|Any CPU
		{EFF2B61F-57AE-45AE-B6D0-4E63409C5304}.Release|ARM.ActiveCfg = Release|Any CPU
		{EFF2B61F-57AE-45AE-B6D0-4E63409C5304}.Release|ARM.Build.0 = Release|Any CPU
		{EFF2B61F-57AE-45AE-B6D0-4E63409C5304}.Release|iPhone.ActiveCfg = Release|Any CPU
		{EFF2B61F-57AE-45AE-B6D0-4E63409C5304}.Release|iPhone.Build.0 = Release|Any CPU
		{EFF2B61F-57AE-45AE-B6D0-4E63409C5304}.Release|iPhoneSimulator.ActiveCfg = Release|Any CPU
		{EFF2B61F-57AE-45AE-B6D0-4E63409C5304}.Release|iPhoneSimulator.Build.0 = Release|Any CPU
		{EFF2B61F-57AE-45AE-B6D0-4E63409C5304}.Release|x64.ActiveCfg = Release|Any CPU
		{EFF2B61F-57AE-45AE-B6D0-4E63409C5304}.Release|x64.Build.0 = Release|Any CPU
		{EFF2B61F-57AE-45AE-B6D0-4E63409C5304}.Release|x86.ActiveCfg = Release|Any CPU
		{EFF2B61F-57AE-45AE-B6D0-4E63409C5304}.Release|x86.Build.0 = Release|Any CPU
		{EFF2B61F-57AE-45AE-B6D0-4E63409C5304}.Testing|Android.ActiveCfg = Debug|Any CPU
		{EFF2B61F-57AE-45AE-B6D0-4E63409C5304}.Testing|Android.Build.0 = Debug|Any CPU
		{EFF2B61F-57AE-45AE-B6D0-4E63409C5304}.Testing|Any CPU.ActiveCfg = Debug|Any CPU
		{EFF2B61F-57AE-45AE-B6D0-4E63409C5304}.Testing|Any CPU.Build.0 = Debug|Any CPU
		{EFF2B61F-57AE-45AE-B6D0-4E63409C5304}.Testing|ARM.ActiveCfg = Debug|Any CPU
		{EFF2B61F-57AE-45AE-B6D0-4E63409C5304}.Testing|ARM.Build.0 = Debug|Any CPU
		{EFF2B61F-57AE-45AE-B6D0-4E63409C5304}.Testing|iPhone.ActiveCfg = Debug|Any CPU
		{EFF2B61F-57AE-45AE-B6D0-4E63409C5304}.Testing|iPhone.Build.0 = Debug|Any CPU
		{EFF2B61F-57AE-45AE-B6D0-4E63409C5304}.Testing|iPhoneSimulator.ActiveCfg = Debug|Any CPU
		{EFF2B61F-57AE-45AE-B6D0-4E63409C5304}.Testing|iPhoneSimulator.Build.0 = Debug|Any CPU
		{EFF2B61F-57AE-45AE-B6D0-4E63409C5304}.Testing|x64.ActiveCfg = Debug|Any CPU
		{EFF2B61F-57AE-45AE-B6D0-4E63409C5304}.Testing|x64.Build.0 = Debug|Any CPU
		{EFF2B61F-57AE-45AE-B6D0-4E63409C5304}.Testing|x86.ActiveCfg = Debug|Any CPU
		{EFF2B61F-57AE-45AE-B6D0-4E63409C5304}.Testing|x86.Build.0 = Debug|Any CPU
		{DEF03DBE-323C-489E-8C16-6EBB7545C8AE}.AppStore|Android.ActiveCfg = AppStore|Android
		{DEF03DBE-323C-489E-8C16-6EBB7545C8AE}.AppStore|Android.Build.0 = AppStore|Android
		{DEF03DBE-323C-489E-8C16-6EBB7545C8AE}.AppStore|Android.Deploy.0 = AppStore|Android
		{DEF03DBE-323C-489E-8C16-6EBB7545C8AE}.AppStore|Any CPU.ActiveCfg = AppStore|Android
		{DEF03DBE-323C-489E-8C16-6EBB7545C8AE}.AppStore|ARM.ActiveCfg = AppStore|Android
		{DEF03DBE-323C-489E-8C16-6EBB7545C8AE}.AppStore|iPhone.ActiveCfg = AppStore|Android
		{DEF03DBE-323C-489E-8C16-6EBB7545C8AE}.AppStore|iPhoneSimulator.ActiveCfg = AppStore|Android
		{DEF03DBE-323C-489E-8C16-6EBB7545C8AE}.AppStore|x64.ActiveCfg = AppStore|Android
		{DEF03DBE-323C-489E-8C16-6EBB7545C8AE}.AppStore|x86.ActiveCfg = AppStore|Android
		{DEF03DBE-323C-489E-8C16-6EBB7545C8AE}.Debug|Android.ActiveCfg = Debug|Android
		{DEF03DBE-323C-489E-8C16-6EBB7545C8AE}.Debug|Android.Build.0 = Debug|Android
		{DEF03DBE-323C-489E-8C16-6EBB7545C8AE}.Debug|Android.Deploy.0 = Debug|Android
		{DEF03DBE-323C-489E-8C16-6EBB7545C8AE}.Debug|Any CPU.ActiveCfg = Debug|Android
		{DEF03DBE-323C-489E-8C16-6EBB7545C8AE}.Debug|ARM.ActiveCfg = Debug|Android
		{DEF03DBE-323C-489E-8C16-6EBB7545C8AE}.Debug|iPhone.ActiveCfg = Debug|Android
		{DEF03DBE-323C-489E-8C16-6EBB7545C8AE}.Debug|iPhoneSimulator.ActiveCfg = Debug|Android
		{DEF03DBE-323C-489E-8C16-6EBB7545C8AE}.Debug|x64.ActiveCfg = Debug|Android
		{DEF03DBE-323C-489E-8C16-6EBB7545C8AE}.Debug|x86.ActiveCfg = Debug|Android
		{DEF03DBE-323C-489E-8C16-6EBB7545C8AE}.Release|Android.ActiveCfg = Release|Android
		{DEF03DBE-323C-489E-8C16-6EBB7545C8AE}.Release|Android.Build.0 = Release|Android
		{DEF03DBE-323C-489E-8C16-6EBB7545C8AE}.Release|Android.Deploy.0 = Release|Android
		{DEF03DBE-323C-489E-8C16-6EBB7545C8AE}.Release|Any CPU.ActiveCfg = Release|Android
		{DEF03DBE-323C-489E-8C16-6EBB7545C8AE}.Release|ARM.ActiveCfg = Release|Android
		{DEF03DBE-323C-489E-8C16-6EBB7545C8AE}.Release|iPhone.ActiveCfg = Release|Android
		{DEF03DBE-323C-489E-8C16-6EBB7545C8AE}.Release|iPhoneSimulator.ActiveCfg = Release|Android
		{DEF03DBE-323C-489E-8C16-6EBB7545C8AE}.Release|x64.ActiveCfg = Release|Android
		{DEF03DBE-323C-489E-8C16-6EBB7545C8AE}.Release|x86.ActiveCfg = Release|Android
		{DEF03DBE-323C-489E-8C16-6EBB7545C8AE}.Testing|Android.ActiveCfg = Testing|Android
		{DEF03DBE-323C-489E-8C16-6EBB7545C8AE}.Testing|Android.Build.0 = Testing|Android
		{DEF03DBE-323C-489E-8C16-6EBB7545C8AE}.Testing|Android.Deploy.0 = Testing|Android
		{DEF03DBE-323C-489E-8C16-6EBB7545C8AE}.Testing|Any CPU.ActiveCfg = Testing|Android
		{DEF03DBE-323C-489E-8C16-6EBB7545C8AE}.Testing|ARM.ActiveCfg = Testing|Android
		{DEF03DBE-323C-489E-8C16-6EBB7545C8AE}.Testing|iPhone.ActiveCfg = Testing|Android
		{DEF03DBE-323C-489E-8C16-6EBB7545C8AE}.Testing|iPhoneSimulator.ActiveCfg = Testing|Android
		{DEF03DBE-323C-489E-8C16-6EBB7545C8AE}.Testing|x64.ActiveCfg = Testing|Android
		{DEF03DBE-323C-489E-8C16-6EBB7545C8AE}.Testing|x86.ActiveCfg = Testing|Android
		{0836E1C3-DCDE-4A24-9E99-7DF95A09961B}.AppStore|Android.ActiveCfg = AppStore|iPhoneSimulator
		{0836E1C3-DCDE-4A24-9E99-7DF95A09961B}.AppStore|Any CPU.ActiveCfg = AppStore|iPhoneSimulator
		{0836E1C3-DCDE-4A24-9E99-7DF95A09961B}.AppStore|ARM.ActiveCfg = AppStore|iPhoneSimulator
		{0836E1C3-DCDE-4A24-9E99-7DF95A09961B}.AppStore|iPhone.ActiveCfg = AppStore|iPhone
		{0836E1C3-DCDE-4A24-9E99-7DF95A09961B}.AppStore|iPhone.Build.0 = AppStore|iPhone
		{0836E1C3-DCDE-4A24-9E99-7DF95A09961B}.AppStore|iPhoneSimulator.ActiveCfg = AppStore|iPhoneSimulator
		{0836E1C3-DCDE-4A24-9E99-7DF95A09961B}.AppStore|iPhoneSimulator.Build.0 = AppStore|iPhoneSimulator
		{0836E1C3-DCDE-4A24-9E99-7DF95A09961B}.AppStore|x64.ActiveCfg = AppStore|iPhoneSimulator
		{0836E1C3-DCDE-4A24-9E99-7DF95A09961B}.AppStore|x86.ActiveCfg = AppStore|iPhoneSimulator
		{0836E1C3-DCDE-4A24-9E99-7DF95A09961B}.Debug|Android.ActiveCfg = Debug|iPhoneSimulator
		{0836E1C3-DCDE-4A24-9E99-7DF95A09961B}.Debug|Any CPU.ActiveCfg = Debug|iPhoneSimulator
		{0836E1C3-DCDE-4A24-9E99-7DF95A09961B}.Debug|ARM.ActiveCfg = Debug|iPhoneSimulator
		{0836E1C3-DCDE-4A24-9E99-7DF95A09961B}.Debug|iPhone.ActiveCfg = Debug|iPhone
		{0836E1C3-DCDE-4A24-9E99-7DF95A09961B}.Debug|iPhone.Build.0 = Debug|iPhone
		{0836E1C3-DCDE-4A24-9E99-7DF95A09961B}.Debug|iPhoneSimulator.ActiveCfg = Debug|iPhoneSimulator
		{0836E1C3-DCDE-4A24-9E99-7DF95A09961B}.Debug|iPhoneSimulator.Build.0 = Debug|iPhoneSimulator
		{0836E1C3-DCDE-4A24-9E99-7DF95A09961B}.Debug|x64.ActiveCfg = Debug|iPhoneSimulator
		{0836E1C3-DCDE-4A24-9E99-7DF95A09961B}.Debug|x86.ActiveCfg = Debug|iPhoneSimulator
		{0836E1C3-DCDE-4A24-9E99-7DF95A09961B}.Release|Android.ActiveCfg = Release|iPhoneSimulator
		{0836E1C3-DCDE-4A24-9E99-7DF95A09961B}.Release|Any CPU.ActiveCfg = Release|iPhoneSimulator
		{0836E1C3-DCDE-4A24-9E99-7DF95A09961B}.Release|ARM.ActiveCfg = Release|iPhoneSimulator
		{0836E1C3-DCDE-4A24-9E99-7DF95A09961B}.Release|iPhone.ActiveCfg = Release|iPhone
		{0836E1C3-DCDE-4A24-9E99-7DF95A09961B}.Release|iPhone.Build.0 = Release|iPhone
		{0836E1C3-DCDE-4A24-9E99-7DF95A09961B}.Release|iPhoneSimulator.ActiveCfg = Release|iPhoneSimulator
		{0836E1C3-DCDE-4A24-9E99-7DF95A09961B}.Release|iPhoneSimulator.Build.0 = Release|iPhoneSimulator
		{0836E1C3-DCDE-4A24-9E99-7DF95A09961B}.Release|x64.ActiveCfg = Release|iPhoneSimulator
		{0836E1C3-DCDE-4A24-9E99-7DF95A09961B}.Release|x86.ActiveCfg = Release|iPhoneSimulator
		{0836E1C3-DCDE-4A24-9E99-7DF95A09961B}.Testing|Android.ActiveCfg = Testing|iPhoneSimulator
		{0836E1C3-DCDE-4A24-9E99-7DF95A09961B}.Testing|Any CPU.ActiveCfg = Testing|iPhoneSimulator
		{0836E1C3-DCDE-4A24-9E99-7DF95A09961B}.Testing|ARM.ActiveCfg = Testing|iPhoneSimulator
		{0836E1C3-DCDE-4A24-9E99-7DF95A09961B}.Testing|iPhone.ActiveCfg = Testing|iPhone
		{0836E1C3-DCDE-4A24-9E99-7DF95A09961B}.Testing|iPhone.Build.0 = Testing|iPhone
		{0836E1C3-DCDE-4A24-9E99-7DF95A09961B}.Testing|iPhoneSimulator.ActiveCfg = Testing|iPhoneSimulator
		{0836E1C3-DCDE-4A24-9E99-7DF95A09961B}.Testing|iPhoneSimulator.Build.0 = Testing|iPhoneSimulator
		{0836E1C3-DCDE-4A24-9E99-7DF95A09961B}.Testing|x64.ActiveCfg = Testing|iPhoneSimulator
		{0836E1C3-DCDE-4A24-9E99-7DF95A09961B}.Testing|x86.ActiveCfg = Testing|iPhoneSimulator
	EndGlobalSection
	GlobalSection(SolutionProperties) = preSolution
		HideSolutionNode = FALSE
	EndGlobalSection
	GlobalSection(ExtensibilityGlobals) = postSolution
		SolutionGuid = {F836CBBE-0691-48B9-8DA2-EFE84EF2CE1E}
	EndGlobalSection
EndGlobal
